{
  "requires": true,
  "lockfileVersion": 1,
  "dependencies": {
    "@webassemblyjs/ast": {
      "version": "1.8.5",
      "resolved": "https://registry.npmjs.org/@webassemblyjs/ast/-/ast-1.8.5.tgz",
      "integrity": "sha512-aJMfngIZ65+t71C3y2nBBg5FFG0Okt9m0XEgWZ7Ywgn1oMAT8cNwx00Uv1cQyHtidq0Xn94R4TAywO+LCQ+ZAQ==",
      "requires": {
        "@webassemblyjs/helper-module-context": "1.8.5",
        "@webassemblyjs/helper-wasm-bytecode": "1.8.5",
        "@webassemblyjs/wast-parser": "1.8.5"
      }
    },
    "@webassemblyjs/floating-point-hex-parser": {
      "version": "1.8.5",
      "resolved": "https://registry.npmjs.org/@webassemblyjs/floating-point-hex-parser/-/floating-point-hex-parser-1.8.5.tgz",
      "integrity": "sha512-9p+79WHru1oqBh9ewP9zW95E3XAo+90oth7S5Re3eQnECGq59ly1Ri5tsIipKGpiStHsUYmY3zMLqtk3gTcOtQ=="
    },
    "@webassemblyjs/helper-api-error": {
      "version": "1.8.5",
      "resolved": "https://registry.npmjs.org/@webassemblyjs/helper-api-error/-/helper-api-error-1.8.5.tgz",
      "integrity": "sha512-Za/tnzsvnqdaSPOUXHyKJ2XI7PDX64kWtURyGiJJZKVEdFOsdKUCPTNEVFZq3zJ2R0G5wc2PZ5gvdTRFgm81zA=="
    },
    "@webassemblyjs/helper-code-frame": {
      "version": "1.8.5",
      "resolved": "https://registry.npmjs.org/@webassemblyjs/helper-code-frame/-/helper-code-frame-1.8.5.tgz",
      "integrity": "sha512-VQAadSubZIhNpH46IR3yWO4kZZjMxN1opDrzePLdVKAZ+DFjkGD/rf4v1jap744uPVU6yjL/smZbRIIJTOUnKQ==",
      "requires": {
        "@webassemblyjs/wast-printer": "1.8.5"
      }
    },
    "@webassemblyjs/helper-fsm": {
      "version": "1.8.5",
      "resolved": "https://registry.npmjs.org/@webassemblyjs/helper-fsm/-/helper-fsm-1.8.5.tgz",
      "integrity": "sha512-kRuX/saORcg8se/ft6Q2UbRpZwP4y7YrWsLXPbbmtepKr22i8Z4O3V5QE9DbZK908dh5Xya4Un57SDIKwB9eow=="
    },
    "@webassemblyjs/helper-module-context": {
      "version": "1.8.5",
      "resolved": "https://registry.npmjs.org/@webassemblyjs/helper-module-context/-/helper-module-context-1.8.5.tgz",
      "integrity": "sha512-/O1B236mN7UNEU4t9X7Pj38i4VoU8CcMHyy3l2cV/kIF4U5KoHXDVqcDuOs1ltkac90IM4vZdHc52t1x8Yfs3g==",
      "requires": {
        "@webassemblyjs/ast": "1.8.5",
        "mamacro": "^0.0.3"
      }
    },
    "@webassemblyjs/helper-wasm-bytecode": {
      "version": "1.8.5",
      "resolved": "https://registry.npmjs.org/@webassemblyjs/helper-wasm-bytecode/-/helper-wasm-bytecode-1.8.5.tgz",
      "integrity": "sha512-Cu4YMYG3Ddl72CbmpjU/wbP6SACcOPVbHN1dI4VJNJVgFwaKf1ppeFJrwydOG3NDHxVGuCfPlLZNyEdIYlQ6QQ=="
    },
    "@webassemblyjs/wast-parser": {
      "version": "1.8.5",
      "resolved": "https://registry.npmjs.org/@webassemblyjs/wast-parser/-/wast-parser-1.8.5.tgz",
      "integrity": "sha512-daXC1FyKWHF1i11obK086QRlsMsY4+tIOKgBqI1lxAnkp9xe9YMcgOxm9kLe+ttjs5aWV2KKE1TWJCN57/Btsg==",
      "requires": {
        "@webassemblyjs/ast": "1.8.5",
        "@webassemblyjs/floating-point-hex-parser": "1.8.5",
        "@webassemblyjs/helper-api-error": "1.8.5",
        "@webassemblyjs/helper-code-frame": "1.8.5",
        "@webassemblyjs/helper-fsm": "1.8.5",
        "@xtuc/long": "4.2.2"
      }
    },
    "@webassemblyjs/wast-printer": {
      "version": "1.8.5",
      "resolved": "https://registry.npmjs.org/@webassemblyjs/wast-printer/-/wast-printer-1.8.5.tgz",
      "integrity": "sha512-w0U0pD4EhlnvRyeJzBqaVSJAo9w/ce7/WPogeXLzGkO6hzhr4GnQIZ4W4uUt5b9ooAaXPtnXlj0gzsXEOUNYMg==",
      "requires": {
        "@webassemblyjs/ast": "1.8.5",
        "@webassemblyjs/wast-parser": "1.8.5",
        "@xtuc/long": "4.2.2"
      }
    },
    "@xtuc/long": {
      "version": "4.2.2",
      "resolved": "https://registry.npmjs.org/@xtuc/long/-/long-4.2.2.tgz",
      "integrity": "sha512-NuHqBY1PB/D8xU6s/thBgOAiAP7HOYDQ32+BFZILJ8ivkUkAHQnWfn6WhL79Owj1qmUnoN/YPhktdIoucipkAQ=="
    },
    "async-validator": {
      "version": "1.8.5",
      "resolved": "https://registry.npmjs.org/async-validator/-/async-validator-1.8.5.tgz",
      "integrity": "sha512-tXBM+1m056MAX0E8TL2iCjg8WvSyXu0Zc8LNtYqrVeyoL3+esHRZ4SieE9fKQyyU09uONjnMEjrNBMqT0mbvmA==",
      "requires": {
        "babel-runtime": "6.x"
      }
    },
    "axios": {
      "version": "0.19.0",
      "resolved": "https://registry.npmjs.org/axios/-/axios-0.19.0.tgz",
      "integrity": "sha512-1uvKqKQta3KBxIz14F2v06AEHZ/dIoeKfbTRkK1E5oqjDnuEerLmYTgJB5AiQZHJcljpg1TuRzdjDR06qNk0DQ==",
      "requires": {
        "follow-redirects": "1.5.10",
        "is-buffer": "^2.0.2"
      }
    },
    "babel-helper-vue-jsx-merge-props": {
      "version": "2.0.3",
      "resolved": "https://registry.npmjs.org/babel-helper-vue-jsx-merge-props/-/babel-helper-vue-jsx-merge-props-2.0.3.tgz",
      "integrity": "sha512-gsLiKK7Qrb7zYJNgiXKpXblxbV5ffSwR0f5whkPAaBAR4fhi6bwRZxX9wBlIc5M/v8CCkXUbXZL4N/nSE97cqg=="
    },
    "babel-runtime": {
      "version": "6.26.0",
      "resolved": "https://registry.npmjs.org/babel-runtime/-/babel-runtime-6.26.0.tgz",
      "integrity": "sha1-llxwWGaOgrVde/4E/yM3vItWR/4=",
      "requires": {
        "core-js": "^2.4.0",
        "regenerator-runtime": "^0.11.0"
      }
    },
    "batch-processor": {
      "version": "1.0.0",
      "resolved": "https://registry.npmjs.org/batch-processor/-/batch-processor-1.0.0.tgz",
      "integrity": "sha1-dclcMrdI4IUNEMKxaPa9vpiRrOg="
    },
    "bs-iview": {
      "version": "2.14.3",
      "resolved": "https://registry.npmjs.org/bs-iview/-/bs-iview-2.14.3.tgz",
      "integrity": "sha512-GhLnFvJEUtz0fQFl4EAEz2c+gqNKn5YLjodMeUKPDWKZsczjWnbMH3Rmv6MhYljrh/+IOSpzeZadR6YmYapxFg==",
      "requires": {
        "async-validator": "^1.8.2",
        "deepmerge": "^2.1.0",
        "element-resize-detector": "^1.1.14",
        "js-calendar": "^1.2.3",
        "lodash.throttle": "^4.1.1",
        "natives": "^1.1.6",
        "popper.js": "^1.14.1",
        "tinycolor2": "^1.4.1",
        "v-click-outside-x": "^3.0.0"
      },
      "dependencies": {
        "deepmerge": {
          "version": "2.2.1",
          "resolved": "https://registry.npmjs.org/deepmerge/-/deepmerge-2.2.1.tgz",
          "integrity": "sha512-R9hc1Xa/NOBi9WRVUWg19rl1UB7Tt4kuPd+thNJgFZoxXsTz7ncaPaeIm+40oSGuP33DfMb4sZt1QIGiJzC4EA=="
        },
        "v-click-outside-x": {
          "version": "3.7.1",
          "resolved": "https://registry.npmjs.org/v-click-outside-x/-/v-click-outside-x-3.7.1.tgz",
          "integrity": "sha512-WmUgmcIXr9clVpm1AYS/FgHtcDicfnfoxgQCNg4O6vfk9GVnxA0vSqO321ogUo0b7czYTidj7fQENvWFMWOkUg=="
        }
      }
    },
    "core-js": {
      "version": "2.6.9",
      "resolved": "https://registry.npmjs.org/core-js/-/core-js-2.6.9.tgz",
      "integrity": "sha512-HOpZf6eXmnl7la+cUdMnLvUxKNqLUzJvgIziQ0DiF3JwSImNphIqdGqzj6hIKyX04MmV0poclQ7+wjWvxQyR2A=="
    },
    "debug": {
      "version": "3.1.0",
      "resolved": "https://registry.npmjs.org/debug/-/debug-3.1.0.tgz",
      "integrity": "sha512-OX8XqP7/1a9cqkxYw2yXss15f26NKWBpDXQd0/uK/KPqdQhxbPa994hnzjcE2VqQpDslf55723cKPUOGSmMY3g==",
      "requires": {
        "ms": "2.0.0"
      }
    },
    "deepmerge": {
      "version": "1.5.2",
      "resolved": "https://registry.npmjs.org/deepmerge/-/deepmerge-1.5.2.tgz",
      "integrity": "sha512-95k0GDqvBjZavkuvzx/YqVLv/6YYa17fz6ILMSf7neqQITCPbnfEnQvEgMPNjH4kgobe7+WIL0yJEHku+H3qtQ=="
    },
    "element-resize-detector": {
      "version": "1.2.0",
      "resolved": "https://registry.npmjs.org/element-resize-detector/-/element-resize-detector-1.2.0.tgz",
      "integrity": "sha512-UmhNB8sIJVZeg56gEjgmMd6p37sCg8j8trVW0LZM7Wzv+kxQ5CnRHcgRKBTB/kFUSn3e7UP59kl2V2U8Du1hmg==",
      "requires": {
        "batch-processor": "1.0.0"
      }
    },
    "element-ui": {
      "version": "2.12.0",
      "resolved": "https://registry.npmjs.org/element-ui/-/element-ui-2.12.0.tgz",
      "integrity": "sha512-DapyT0PW4i/1ETPHk8K8Qbe8B6hj10+dXsRTrOTFryV9wAs6e9mCxbV65awokyR2/v/KuIHJmqX+mH3wUa4rOQ==",
      "requires": {
        "async-validator": "~1.8.1",
        "babel-helper-vue-jsx-merge-props": "^2.0.0",
        "deepmerge": "^1.2.0",
        "normalize-wheel": "^1.0.1",
        "resize-observer-polyfill": "^1.5.0",
        "throttle-debounce": "^1.0.1"
      }
    },
    "follow-redirects": {
      "version": "1.5.10",
      "resolved": "https://registry.npmjs.org/follow-redirects/-/follow-redirects-1.5.10.tgz",
      "integrity": "sha512-0V5l4Cizzvqt5D44aTXbFZz+FtyXV1vrDN6qrelxtfYQKW0KO0W2T/hkE8xvGa/540LkZlkaUjO4ailYTFtHVQ==",
      "requires": {
        "debug": "=3.1.0"
      }
    },
    "is-buffer": {
      "version": "2.0.3",
      "resolved": "https://registry.npmjs.org/is-buffer/-/is-buffer-2.0.3.tgz",
      "integrity": "sha512-U15Q7MXTuZlrbymiz95PJpZxu8IlipAp4dtS3wOdgPXx3mqBnslrWU14kxfHB+Py/+2PVKSr37dMAgM2A4uArw=="
    },
    "iview": {
      "version": "3.5.1",
      "resolved": "https://registry.npmjs.org/iview/-/iview-3.5.1.tgz",
      "integrity": "sha512-UOwNvYtXi8TzjGvjwtw+4z21OU3Hvgl2Bx+9bphTdwb0B3UxfBDopDOdo5M9L70ztdbXlKxp8aysnCCrSKi8lQ==",
      "requires": {
        "async-validator": "^1.12.2",
        "deepmerge": "^2.2.1",
        "element-resize-detector": "^1.2.0",
        "js-calendar": "^1.2.3",
        "lodash.throttle": "^4.1.1",
        "popper.js": "^1.14.6",
        "tinycolor2": "^1.4.1",
        "v-click-outside-x": "^4.0.19"
      },
      "dependencies": {
        "async-validator": {
          "version": "1.12.2",
          "resolved": "https://registry.npmjs.org/async-validator/-/async-validator-1.12.2.tgz",
          "integrity": "sha512-57EETfCPFiB7M4QscvQzWSGNsmtkjjzZv318SK1CBlstk+hycV72ocjriMOOM48HjvmoAoJGpJNjC7Z76RlnZA=="
        },
        "deepmerge": {
          "version": "2.2.1",
          "resolved": "https://registry.npmjs.org/deepmerge/-/deepmerge-2.2.1.tgz",
          "integrity": "sha512-R9hc1Xa/NOBi9WRVUWg19rl1UB7Tt4kuPd+thNJgFZoxXsTz7ncaPaeIm+40oSGuP33DfMb4sZt1QIGiJzC4EA=="
        }
      }
    },
    "js-calendar": {
      "version": "1.2.3",
      "resolved": "https://registry.npmjs.org/js-calendar/-/js-calendar-1.2.3.tgz",
      "integrity": "sha512-dAA1/Zbp4+c5E+ARCVTIuKepXsNLzSYfzvOimiYD4S5eeP9QuplSHLcdhfqFSwyM1o1u6ku6RRRCyaZ0YAjiBw=="
    },
    "lodash": {
      "version": "4.17.15",
      "resolved": "https://registry.npmjs.org/lodash/-/lodash-4.17.15.tgz",
      "integrity": "sha512-8xOcRHvCjnocdS5cpwXQXVzmmh5e5+saE2QGoeQmbKmRS6J3VQppPOIt0MnmE+4xlZoumy0GPG0D0MVIQbNA1A=="
    },
    "lodash.throttle": {
      "version": "4.1.1",
      "resolved": "https://registry.npmjs.org/lodash.throttle/-/lodash.throttle-4.1.1.tgz",
      "integrity": "sha1-wj6RtxAkKscMN/HhzaknTMOb8vQ="
    },
    "mamacro": {
      "version": "0.0.3",
      "resolved": "https://registry.npmjs.org/mamacro/-/mamacro-0.0.3.tgz",
      "integrity": "sha512-qMEwh+UujcQ+kbz3T6V+wAmO2U8veoq2w+3wY8MquqwVA3jChfwY+Tk52GZKDfACEPjuZ7r2oJLejwpt8jtwTA=="
    },
    "moment": {
      "version": "2.24.0",
      "resolved": "https://registry.npmjs.org/moment/-/moment-2.24.0.tgz",
      "integrity": "sha512-bV7f+6l2QigeBBZSM/6yTNq4P2fNpSWj/0e7jQcy87A8e7o2nAfP/34/2ky5Vw4B9S446EtIhodAzkFCcR4dQg=="
    },
    "mongose": {
      "version": "0.0.2-security",
      "resolved": "https://registry.npmjs.org/mongose/-/mongose-0.0.2-security.tgz",
      "integrity": "sha512-XJUBQHhC/12+hWtrcB1Ww+gkxSzbxg4VdjpNlBQGvFoyPm1bErhA+3n/IkWbGCkavFB1OSycpvpCRphPsZXgLw=="
    },
    "ms": {
      "version": "2.0.0",
      "resolved": "https://registry.npmjs.org/ms/-/ms-2.0.0.tgz",
      "integrity": "sha1-VgiurfwAvmwpAd9fmGF4jeDVl8g="
    },
    "natives": {
      "version": "1.1.6",
      "resolved": "https://registry.npmjs.org/natives/-/natives-1.1.6.tgz",
      "integrity": "sha512-6+TDFewD4yxY14ptjKaS63GVdtKiES1pTPyxn9Jb0rBqPMZ7VcCiooEhPNsr+mqHtMGxa/5c/HhcC4uPEUw/nA=="
    },
    "normalize-wheel": {
      "version": "1.0.1",
      "resolved": "https://registry.npmjs.org/normalize-wheel/-/normalize-wheel-1.0.1.tgz",
      "integrity": "sha1-rsiGr/2wRQcNhWRH32Ls+GFG7EU="
    },
    "popper.js": {
      "version": "1.15.0",
      "resolved": "https://registry.npmjs.org/popper.js/-/popper.js-1.15.0.tgz",
      "integrity": "sha512-w010cY1oCUmI+9KwwlWki+r5jxKfTFDVoadl7MSrIujHU5MJ5OR6HTDj6Xo8aoR/QsA56x8jKjA59qGH4ELtrA=="
    },
    "regenerator-runtime": {
      "version": "0.11.1",
      "resolved": "https://registry.npmjs.org/regenerator-runtime/-/regenerator-runtime-0.11.1.tgz",
      "integrity": "sha512-MguG95oij0fC3QV3URf4V2SDYGJhJnJGqvIIgdECeODCT98wSWDAJ94SSuVpYQUoTcGUIL6L4yNB7j1DFFHSBg=="
    },
    "resize-observer-polyfill": {
      "version": "1.5.1",
      "resolved": "https://registry.npmjs.org/resize-observer-polyfill/-/resize-observer-polyfill-1.5.1.tgz",
      "integrity": "sha512-LwZrotdHOo12nQuZlHEmtuXdqGoOD0OhaxopaNFxWzInpEgaLWoVuAMbTzixuosCx2nEG58ngzW3vxdWoxIgdg=="
    },
    "throttle-debounce": {
      "version": "1.1.0",
      "resolved": "https://registry.npmjs.org/throttle-debounce/-/throttle-debounce-1.1.0.tgz",
      "integrity": "sha512-XH8UiPCQcWNuk2LYePibW/4qL97+ZQ1AN3FNXwZRBNPPowo/NRU5fAlDCSNBJIYCKbioZfuYtMhG4quqoJhVzg=="
    },
    "tinycolor2": {
      "version": "1.4.1",
      "resolved": "https://registry.npmjs.org/tinycolor2/-/tinycolor2-1.4.1.tgz",
      "integrity": "sha1-9PrTM0R7wLB9TcjpIJ2POaisd+g="
    },
    "typescript": {
      "version": "3.6.3",
      "resolved": "https://registry.npmjs.org/typescript/-/typescript-3.6.3.tgz",
      "integrity": "sha512-N7bceJL1CtRQ2RiG0AQME13ksR7DiuQh/QehubYcghzv20tnh+MQnQIuJddTmsbqYj+dztchykemz0zFzlvdQw=="
    },
    "v-click-outside-x": {
      "version": "4.0.19",
      "resolved": "https://registry.npmjs.org/v-click-outside-x/-/v-click-outside-x-4.0.19.tgz",
      "integrity": "sha512-QY2XhLJWDCypJKJz+FftvpYa1nzq7mzUP756H7ucu89c/8Rx1aog9gOhPEwDK16A+y3LGvPuAYScKr6/7xh18Q=="
    },
    "vuex-router-sync": {
      "version": "5.0.0",
      "resolved": "https://registry.npmjs.org/vuex-router-sync/-/vuex-router-sync-5.0.0.tgz",
      "integrity": "sha512-Mry2sO4kiAG64714X1CFpTA/shUH1DmkZ26DFDtwoM/yyx6OtMrc+MxrU+7vvbNLO9LSpgwkiJ8W+rlmRtsM+w=="
    }
  }
}
